// !$*UTF8*$!
{
	archiveVersion = 1;
	classes = {
	};
	objectVersion = 50;
	objects = {

/* Begin PBXBuildFile section */
		381E3C66263F4047006B035C /* AppDelegate.swift in Sources */ = {isa = PBXBuildFile; fileRef = 381E3C65263F4047006B035C /* AppDelegate.swift */; };
		381E3C68263F4047006B035C /* SceneDelegate.swift in Sources */ = {isa = PBXBuildFile; fileRef = 381E3C67263F4047006B035C /* SceneDelegate.swift */; };
		381E3C6A263F4047006B035C /* LogInViewController.swift in Sources */ = {isa = PBXBuildFile; fileRef = 381E3C69263F4047006B035C /* LogInViewController.swift */; };
		381E3C6D263F4047006B035C /* Main.storyboard in Resources */ = {isa = PBXBuildFile; fileRef = 381E3C6B263F4047006B035C /* Main.storyboard */; };
		381E3C70263F4047006B035C /* Devoir2.xcdatamodeld in Sources */ = {isa = PBXBuildFile; fileRef = 381E3C6E263F4047006B035C /* Devoir2.xcdatamodeld */; };
		381E3C72263F4049006B035C /* Assets.xcassets in Resources */ = {isa = PBXBuildFile; fileRef = 381E3C71263F4049006B035C /* Assets.xcassets */; };
		381E3C75263F4049006B035C /* LaunchScreen.storyboard in Resources */ = {isa = PBXBuildFile; fileRef = 381E3C73263F4049006B035C /* LaunchScreen.storyboard */; };
		383BA0DF2643C1E90042A6A8 /* RoadsTableViewController.swift in Sources */ = {isa = PBXBuildFile; fileRef = 383BA0DE2643C1E90042A6A8 /* RoadsTableViewController.swift */; };
		383BA0E12643C1F90042A6A8 /* FavoritesTableViewController.swift in Sources */ = {isa = PBXBuildFile; fileRef = 383BA0E02643C1F90042A6A8 /* FavoritesTableViewController.swift */; };
		383BA0E726446C620042A6A8 /* AVFoundation.framework in Frameworks */ = {isa = PBXBuildFile; fileRef = 383BA0E626446C620042A6A8 /* AVFoundation.framework */; };
		383BA0F02644DBDC0042A6A8 /* 01.wav in Resources */ = {isa = PBXBuildFile; fileRef = 383BA0EF2644DBDC0042A6A8 /* 01.wav */; };
		383BA0F22644DBEA0042A6A8 /* 02.wav in Resources */ = {isa = PBXBuildFile; fileRef = 383BA0F12644DBEA0042A6A8 /* 02.wav */; };
		383BA0F92644DCD90042A6A8 /* Road+CoreDataProperties.swift in Sources */ = {isa = PBXBuildFile; fileRef = 383BA0F32644DCD90042A6A8 /* Road+CoreDataProperties.swift */; };
		383BA0FA2644DCD90042A6A8 /* Road+CoreDataClass.swift in Sources */ = {isa = PBXBuildFile; fileRef = 383BA0F42644DCD90042A6A8 /* Road+CoreDataClass.swift */; };
		383BA0FB2644DCD90042A6A8 /* Favorite+CoreDataProperties.swift in Sources */ = {isa = PBXBuildFile; fileRef = 383BA0F52644DCD90042A6A8 /* Favorite+CoreDataProperties.swift */; };
		383BA0FC2644DCD90042A6A8 /* Sector+CoreDataClass.swift in Sources */ = {isa = PBXBuildFile; fileRef = 383BA0F62644DCD90042A6A8 /* Sector+CoreDataClass.swift */; };
		383BA0FD2644DCD90042A6A8 /* Favorite+CoreDataClass.swift in Sources */ = {isa = PBXBuildFile; fileRef = 383BA0F72644DCD90042A6A8 /* Favorite+CoreDataClass.swift */; };
		383BA0FE2644DCD90042A6A8 /* Sector+CoreDataProperties.swift in Sources */ = {isa = PBXBuildFile; fileRef = 383BA0F82644DCD90042A6A8 /* Sector+CoreDataProperties.swift */; };
		384915C92640EDFF006BA17D /* SignUpViewController.swift in Sources */ = {isa = PBXBuildFile; fileRef = 384915C82640EDFF006BA17D /* SignUpViewController.swift */; };
		384915CB26424BDE006BA17D /* Podfile in Resources */ = {isa = PBXBuildFile; fileRef = 384915CA26424BDE006BA17D /* Podfile */; };
		384915CD2642512E006BA17D /* UTIL.swift in Sources */ = {isa = PBXBuildFile; fileRef = 384915CC2642512E006BA17D /* UTIL.swift */; };
		384915D026432CCE006BA17D /* DbContext.swift in Sources */ = {isa = PBXBuildFile; fileRef = 384915CF26432CCE006BA17D /* DbContext.swift */; };
		384915E326433010006BA17D /* SectorDAO.swift in Sources */ = {isa = PBXBuildFile; fileRef = 384915E226433010006BA17D /* SectorDAO.swift */; };
		384915E526439107006BA17D /* FavoriteDAO.swift in Sources */ = {isa = PBXBuildFile; fileRef = 384915E426439107006BA17D /* FavoriteDAO.swift */; };
		3849163D2643AE39006BA17D /* SectorsTableViewController.swift in Sources */ = {isa = PBXBuildFile; fileRef = 3849163C2643AE39006BA17D /* SectorsTableViewController.swift */; };
		86C2AC42BC536BFE53EC4D9A /* libPods-Devoir2.a in Frameworks */ = {isa = PBXBuildFile; fileRef = 6EF495108FCFC3552615303B /* libPods-Devoir2.a */; };
/* End PBXBuildFile section */

/* Begin PBXFileReference section */
		381E3C62263F4047006B035C /* Devoir2.app */ = {isa = PBXFileReference; explicitFileType = wrapper.application; includeInIndex = 0; path = Devoir2.app; sourceTree = BUILT_PRODUCTS_DIR; };
		381E3C65263F4047006B035C /* AppDelegate.swift */ = {isa = PBXFileReference; lastKnownFileType = sourcecode.swift; path = AppDelegate.swift; sourceTree = "<group>"; };
		381E3C67263F4047006B035C /* SceneDelegate.swift */ = {isa = PBXFileReference; lastKnownFileType = sourcecode.swift; path = SceneDelegate.swift; sourceTree = "<group>"; };
		381E3C69263F4047006B035C /* LogInViewController.swift */ = {isa = PBXFileReference; lastKnownFileType = sourcecode.swift; path = LogInViewController.swift; sourceTree = "<group>"; };
		381E3C6C263F4047006B035C /* Base */ = {isa = PBXFileReference; lastKnownFileType = file.storyboard; name = Base; path = Base.lproj/Main.storyboard; sourceTree = "<group>"; };
		381E3C6F263F4047006B035C /* Devoir2.xcdatamodel */ = {isa = PBXFileReference; lastKnownFileType = wrapper.xcdatamodel; path = Devoir2.xcdatamodel; sourceTree = "<group>"; };
		381E3C71263F4049006B035C /* Assets.xcassets */ = {isa = PBXFileReference; lastKnownFileType = folder.assetcatalog; path = Assets.xcassets; sourceTree = "<group>"; };
		381E3C74263F4049006B035C /* Base */ = {isa = PBXFileReference; lastKnownFileType = file.storyboard; name = Base; path = Base.lproj/LaunchScreen.storyboard; sourceTree = "<group>"; };
		381E3C76263F4049006B035C /* Info.plist */ = {isa = PBXFileReference; lastKnownFileType = text.plist.xml; path = Info.plist; sourceTree = "<group>"; };
		383BA0DE2643C1E90042A6A8 /* RoadsTableViewController.swift */ = {isa = PBXFileReference; lastKnownFileType = sourcecode.swift; path = RoadsTableViewController.swift; sourceTree = "<group>"; };
		383BA0E02643C1F90042A6A8 /* FavoritesTableViewController.swift */ = {isa = PBXFileReference; lastKnownFileType = sourcecode.swift; path = FavoritesTableViewController.swift; sourceTree = "<group>"; };
		383BA0E626446C620042A6A8 /* AVFoundation.framework */ = {isa = PBXFileReference; lastKnownFileType = wrapper.framework; name = AVFoundation.framework; path = System/Library/Frameworks/AVFoundation.framework; sourceTree = SDKROOT; };
		383BA0EF2644DBDC0042A6A8 /* 01.wav */ = {isa = PBXFileReference; lastKnownFileType = audio.wav; path = 01.wav; sourceTree = "<group>"; };
		383BA0F12644DBEA0042A6A8 /* 02.wav */ = {isa = PBXFileReference; lastKnownFileType = audio.wav; path = 02.wav; sourceTree = "<group>"; };
		383BA0F32644DCD90042A6A8 /* Road+CoreDataProperties.swift */ = {isa = PBXFileReference; fileEncoding = 4; lastKnownFileType = sourcecode.swift; path = "Road+CoreDataProperties.swift"; sourceTree = "<group>"; };
		383BA0F42644DCD90042A6A8 /* Road+CoreDataClass.swift */ = {isa = PBXFileReference; fileEncoding = 4; lastKnownFileType = sourcecode.swift; path = "Road+CoreDataClass.swift"; sourceTree = "<group>"; };
		383BA0F52644DCD90042A6A8 /* Favorite+CoreDataProperties.swift */ = {isa = PBXFileReference; fileEncoding = 4; lastKnownFileType = sourcecode.swift; path = "Favorite+CoreDataProperties.swift"; sourceTree = "<group>"; };
		383BA0F62644DCD90042A6A8 /* Sector+CoreDataClass.swift */ = {isa = PBXFileReference; fileEncoding = 4; lastKnownFileType = sourcecode.swift; path = "Sector+CoreDataClass.swift"; sourceTree = "<group>"; };
		383BA0F72644DCD90042A6A8 /* Favorite+CoreDataClass.swift */ = {isa = PBXFileReference; fileEncoding = 4; lastKnownFileType = sourcecode.swift; path = "Favorite+CoreDataClass.swift"; sourceTree = "<group>"; };
		383BA0F82644DCD90042A6A8 /* Sector+CoreDataProperties.swift */ = {isa = PBXFileReference; fileEncoding = 4; lastKnownFileType = sourcecode.swift; path = "Sector+CoreDataProperties.swift"; sourceTree = "<group>"; };
		384915C82640EDFF006BA17D /* SignUpViewController.swift */ = {isa = PBXFileReference; lastKnownFileType = sourcecode.swift; path = SignUpViewController.swift; sourceTree = "<group>"; };
		384915CA26424BDE006BA17D /* Podfile */ = {isa = PBXFileReference; lastKnownFileType = text; path = Podfile; sourceTree = "<group>"; };
		384915CC2642512E006BA17D /* UTIL.swift */ = {isa = PBXFileReference; lastKnownFileType = sourcecode.swift; path = UTIL.swift; sourceTree = "<group>"; };
		384915CF26432CCE006BA17D /* DbContext.swift */ = {isa = PBXFileReference; lastKnownFileType = sourcecode.swift; path = DbContext.swift; sourceTree = "<group>"; };
		384915E226433010006BA17D /* SectorDAO.swift */ = {isa = PBXFileReference; lastKnownFileType = sourcecode.swift; path = SectorDAO.swift; sourceTree = "<group>"; };
		384915E426439107006BA17D /* FavoriteDAO.swift */ = {isa = PBXFileReference; lastKnownFileType = sourcecode.swift; path = FavoriteDAO.swift; sourceTree = "<group>"; };
		3849163C2643AE39006BA17D /* SectorsTableViewController.swift */ = {isa = PBXFileReference; lastKnownFileType = sourcecode.swift; path = SectorsTableViewController.swift; sourceTree = "<group>"; };
		6EF495108FCFC3552615303B /* libPods-Devoir2.a */ = {isa = PBXFileReference; explicitFileType = archive.ar; includeInIndex = 0; path = "libPods-Devoir2.a"; sourceTree = BUILT_PRODUCTS_DIR; };
		D6C509A23578D3A77689294C /* Pods-Devoir2.release.xcconfig */ = {isa = PBXFileReference; includeInIndex = 1; lastKnownFileType = text.xcconfig; name = "Pods-Devoir2.release.xcconfig"; path = "Target Support Files/Pods-Devoir2/Pods-Devoir2.release.xcconfig"; sourceTree = "<group>"; };
		D8E9A534EE21F0E102E72973 /* Pods-Devoir2.debug.xcconfig */ = {isa = PBXFileReference; includeInIndex = 1; lastKnownFileType = text.xcconfig; name = "Pods-Devoir2.debug.xcconfig"; path = "Target Support Files/Pods-Devoir2/Pods-Devoir2.debug.xcconfig"; sourceTree = "<group>"; };
/* End PBXFileReference section */

/* Begin PBXFrameworksBuildPhase section */
		381E3C5F263F4047006B035C /* Frameworks */ = {
			isa = PBXFrameworksBuildPhase;
			buildActionMask = 2147483647;
			files = (
				383BA0E726446C620042A6A8 /* AVFoundation.framework in Frameworks */,
				86C2AC42BC536BFE53EC4D9A /* libPods-Devoir2.a in Frameworks */,
			);
			runOnlyForDeploymentPostprocessing = 0;
		};
/* End PBXFrameworksBuildPhase section */

/* Begin PBXGroup section */
		0D7E9272C2F0000BA9F2EB15 /* Pods */ = {
			isa = PBXGroup;
			children = (
				D8E9A534EE21F0E102E72973 /* Pods-Devoir2.debug.xcconfig */,
				D6C509A23578D3A77689294C /* Pods-Devoir2.release.xcconfig */,
			);
			path = Pods;
			sourceTree = "<group>";
		};
		381E3C59263F4047006B035C = {
			isa = PBXGroup;
			children = (
				384915CA26424BDE006BA17D /* Podfile */,
				381E3C64263F4047006B035C /* Devoir2 */,
				381E3C63263F4047006B035C /* Products */,
				0D7E9272C2F0000BA9F2EB15 /* Pods */,
				6EE48BFDFEA49531FC208B8C /* Frameworks */,
			);
			sourceTree = "<group>";
		};
		381E3C63263F4047006B035C /* Products */ = {
			isa = PBXGroup;
			children = (
				381E3C62263F4047006B035C /* Devoir2.app */,
			);
			name = Products;
			sourceTree = "<group>";
		};
		381E3C64263F4047006B035C /* Devoir2 */ = {
			isa = PBXGroup;
			children = (
				383BA0E826446C790042A6A8 /* Sounds */,
				384915D126432F71006BA17D /* Entities */,
				384915CE26432CBA006BA17D /* DAO */,
				384915C72640ED47006BA17D /* Controllers */,
				381E3C65263F4047006B035C /* AppDelegate.swift */,
				381E3C67263F4047006B035C /* SceneDelegate.swift */,
				381E3C6B263F4047006B035C /* Main.storyboard */,
				381E3C71263F4049006B035C /* Assets.xcassets */,
				381E3C73263F4049006B035C /* LaunchScreen.storyboard */,
				381E3C76263F4049006B035C /* Info.plist */,
				381E3C6E263F4047006B035C /* Devoir2.xcdatamodeld */,
				384915CC2642512E006BA17D /* UTIL.swift */,
			);
			path = Devoir2;
			sourceTree = "<group>";
		};
		383BA0E826446C790042A6A8 /* Sounds */ = {
			isa = PBXGroup;
			children = (
				383BA0EF2644DBDC0042A6A8 /* 01.wav */,
				383BA0F12644DBEA0042A6A8 /* 02.wav */,
			);
			path = Sounds;
			sourceTree = "<group>";
		};
		384915C72640ED47006BA17D /* Controllers */ = {
			isa = PBXGroup;
			children = (
				381E3C69263F4047006B035C /* LogInViewController.swift */,
				384915C82640EDFF006BA17D /* SignUpViewController.swift */,
				3849163C2643AE39006BA17D /* SectorsTableViewController.swift */,
				383BA0DE2643C1E90042A6A8 /* RoadsTableViewController.swift */,
				383BA0E02643C1F90042A6A8 /* FavoritesTableViewController.swift */,
			);
			path = Controllers;
			sourceTree = "<group>";
		};
		384915CE26432CBA006BA17D /* DAO */ = {
			isa = PBXGroup;
			children = (
				384915CF26432CCE006BA17D /* DbContext.swift */,
				384915E226433010006BA17D /* SectorDAO.swift */,
				384915E426439107006BA17D /* FavoriteDAO.swift */,
			);
			path = DAO;
			sourceTree = "<group>";
		};
		384915D126432F71006BA17D /* Entities */ = {
			isa = PBXGroup;
			children = (
				383BA0F72644DCD90042A6A8 /* Favorite+CoreDataClass.swift */,
				383BA0F52644DCD90042A6A8 /* Favorite+CoreDataProperties.swift */,
				383BA0F42644DCD90042A6A8 /* Road+CoreDataClass.swift */,
				383BA0F32644DCD90042A6A8 /* Road+CoreDataProperties.swift */,
				383BA0F62644DCD90042A6A8 /* Sector+CoreDataClass.swift */,
				383BA0F82644DCD90042A6A8 /* Sector+CoreDataProperties.swift */,
			);
			path = Entities;
			sourceTree = "<group>";
		};
		6EE48BFDFEA49531FC208B8C /* Frameworks */ = {
			isa = PBXGroup;
			children = (
				383BA0E626446C620042A6A8 /* AVFoundation.framework */,
				6EF495108FCFC3552615303B /* libPods-Devoir2.a */,
			);
			name = Frameworks;
			sourceTree = "<group>";
		};
/* End PBXGroup section */

/* Begin PBXNativeTarget section */
		381E3C61263F4047006B035C /* Devoir2 */ = {
			isa = PBXNativeTarget;
			buildConfigurationList = 381E3C79263F4049006B035C /* Build configuration list for PBXNativeTarget "Devoir2" */;
			buildPhases = (
				95CA660D7FF1DBD3C883FF3A /* [CP] Check Pods Manifest.lock */,
				381E3C5E263F4047006B035C /* Sources */,
				381E3C5F263F4047006B035C /* Frameworks */,
				381E3C60263F4047006B035C /* Resources */,
			);
			buildRules = (
			);
			dependencies = (
			);
			name = Devoir2;
			productName = Devoir2;
			productReference = 381E3C62263F4047006B035C /* Devoir2.app */;
			productType = "com.apple.product-type.application";
		};
/* End PBXNativeTarget section */

/* Begin PBXProject section */
		381E3C5A263F4047006B035C /* Project object */ = {
			isa = PBXProject;
			attributes = {
				LastSwiftUpdateCheck = 1240;
				LastUpgradeCheck = 1240;
				TargetAttributes = {
					381E3C61263F4047006B035C = {
						CreatedOnToolsVersion = 12.4;
					};
				};
			};
			buildConfigurationList = 381E3C5D263F4047006B035C /* Build configuration list for PBXProject "Devoir2" */;
			compatibilityVersion = "Xcode 9.3";
			developmentRegion = en;
			hasScannedForEncodings = 0;
			knownRegions = (
				en,
				Base,
			);
			mainGroup = 381E3C59263F4047006B035C;
			productRefGroup = 381E3C63263F4047006B035C /* Products */;
			projectDirPath = "";
			projectRoot = "";
			targets = (
				381E3C61263F4047006B035C /* Devoir2 */,
			);
		};
/* End PBXProject section */

/* Begin PBXResourcesBuildPhase section */
		381E3C60263F4047006B035C /* Resources */ = {
			isa = PBXResourcesBuildPhase;
			buildActionMask = 2147483647;
			files = (
				383BA0F22644DBEA0042A6A8 /* 02.wav in Resources */,
				383BA0F02644DBDC0042A6A8 /* 01.wav in Resources */,
				381E3C75263F4049006B035C /* LaunchScreen.storyboard in Resources */,
				381E3C72263F4049006B035C /* Assets.xcassets in Resources */,
				384915CB26424BDE006BA17D /* Podfile in Resources */,
				381E3C6D263F4047006B035C /* Main.storyboard in Resources */,
			);
			runOnlyForDeploymentPostprocessing = 0;
		};
/* End PBXResourcesBuildPhase section */

/* Begin PBXShellScriptBuildPhase section */
		95CA660D7FF1DBD3C883FF3A /* [CP] Check Pods Manifest.lock */ = {
			isa = PBXShellScriptBuildPhase;
			buildActionMask = 2147483647;
			files = (
			);
			inputFileListPaths = (
			);
			inputPaths = (
				"${PODS_PODFILE_DIR_PATH}/Podfile.lock",
				"${PODS_ROOT}/Manifest.lock",
			);
			name = "[CP] Check Pods Manifest.lock";
			outputFileListPaths = (
			);
			outputPaths = (
				"$(DERIVED_FILE_DIR)/Pods-Devoir2-checkManifestLockResult.txt",
			);
			runOnlyForDeploymentPostprocessing = 0;
			shellPath = /bin/sh;
			shellScript = "diff \"${PODS_PODFILE_DIR_PATH}/Podfile.lock\" \"${PODS_ROOT}/Manifest.lock\" > /dev/null\nif [ $? != 0 ] ; then\n    # print error to STDERR\n    echo \"error: The sandbox is not in sync with the Podfile.lock. Run 'pod install' or update your CocoaPods installation.\" >&2\n    exit 1\nfi\n# This output is used by Xcode 'outputs' to avoid re-running this script phase.\necho \"SUCCESS\" > \"${SCRIPT_OUTPUT_FILE_0}\"\n";
			showEnvVarsInLog = 0;
		};
/* End PBXShellScriptBuildPhase section */

/* Begin PBXSourcesBuildPhase section */
		381E3C5E263F4047006B035C /* Sources */ = {
			isa = PBXSourcesBuildPhase;
			buildActionMask = 2147483647;
			files = (
				381E3C6A263F4047006B035C /* LogInViewController.swift in Sources */,
				383BA0E12643C1F90042A6A8 /* FavoritesTableViewController.swift in Sources */,
				384915CD2642512E006BA17D /* UTIL.swift in Sources */,
				383BA0FE2644DCD90042A6A8 /* Sector+CoreDataProperties.swift in Sources */,
				384915E526439107006BA17D /* FavoriteDAO.swift in Sources */,
				383BA0DF2643C1E90042A6A8 /* RoadsTableViewController.swift in Sources */,
				383BA0FA2644DCD90042A6A8 /* Road+CoreDataClass.swift in Sources */,
				384915E326433010006BA17D /* SectorDAO.swift in Sources */,
				381E3C66263F4047006B035C /* AppDelegate.swift in Sources */,
				383BA0F92644DCD90042A6A8 /* Road+CoreDataProperties.swift in Sources */,
				383BA0FC2644DCD90042A6A8 /* Sector+CoreDataClass.swift in Sources */,
				381E3C68263F4047006B035C /* SceneDelegate.swift in Sources */,
				384915D026432CCE006BA17D /* DbContext.swift in Sources */,
				383BA0FD2644DCD90042A6A8 /* Favorite+CoreDataClass.swift in Sources */,
				383BA0FB2644DCD90042A6A8 /* Favorite+CoreDataProperties.swift in Sources */,
				3849163D2643AE39006BA17D /* SectorsTableViewController.swift in Sources */,
				381E3C70263F4047006B035C /* Devoir2.xcdatamodeld in Sources */,
				384915C92640EDFF006BA17D /* SignUpViewController.swift in Sources */,
			);
			runOnlyForDeploymentPostprocessing = 0;
		};
/* End PBXSourcesBuildPhase section */

/* Begin PBXVariantGroup section */
		381E3C6B263F4047006B035C /* Main.storyboard */ = {
			isa = PBXVariantGroup;
			children = (
				381E3C6C263F4047006B035C /* Base */,
			);
			name = Main.storyboard;
			sourceTree = "<group>";
		};
		381E3C73263F4049006B035C /* LaunchScreen.storyboard */ = {
			isa = PBXVariantGroup;
			children = (
				381E3C74263F4049006B035C /* Base */,
			);
			name = LaunchScreen.storyboard;
			sourceTree = "<group>";
		};
/* End PBXVariantGroup section */

/* Begin XCBuildConfiguration section */
		381E3C77263F4049006B035C /* Debug */ = {
			isa = XCBuildConfiguration;
			buildSettings = {
				ALWAYS_SEARCH_USER_PATHS = NO;
				CLANG_ANALYZER_NONNULL = YES;
				CLANG_ANALYZER_NUMBER_OBJECT_CONVERSION = YES_AGGRESSIVE;
				CLANG_CXX_LANGUAGE_STANDARD = "gnu++14";
				CLANG_CXX_LIBRARY = "libc++";
				CLANG_ENABLE_MODULES = YES;
				CLANG_ENABLE_OBJC_ARC = YES;
				CLANG_ENABLE_OBJC_WEAK = YES;
				CLANG_WARN_BLOCK_CAPTURE_AUTORELEASING = YES;
				CLANG_WARN_BOOL_CONVERSION = YES;
				CLANG_WARN_COMMA = YES;
				CLANG_WARN_CONSTANT_CONVERSION = YES;
				CLANG_WARN_DEPRECATED_OBJC_IMPLEMENTATIONS = YES;
				CLANG_WARN_DIRECT_OBJC_ISA_USAGE = YES_ERROR;
				CLANG_WARN_DOCUMENTATION_COMMENTS = YES;
				CLANG_WARN_EMPTY_BODY = YES;
				CLANG_WARN_ENUM_CONVERSION = YES;
				CLANG_WARN_INFINITE_RECURSION = YES;
				CLANG_WARN_INT_CONVERSION = YES;
				CLANG_WARN_NON_LITERAL_NULL_CONVERSION = YES;
				CLANG_WARN_OBJC_IMPLICIT_RETAIN_SELF = YES;
				CLANG_WARN_OBJC_LITERAL_CONVERSION = YES;
				CLANG_WARN_OBJC_ROOT_CLASS = YES_ERROR;
				CLANG_WARN_QUOTED_INCLUDE_IN_FRAMEWORK_HEADER = YES;
				CLANG_WARN_RANGE_LOOP_ANALYSIS = YES;
				CLANG_WARN_STRICT_PROTOTYPES = YES;
				CLANG_WARN_SUSPICIOUS_MOVE = YES;
				CLANG_WARN_UNGUARDED_AVAILABILITY = YES_AGGRESSIVE;
				CLANG_WARN_UNREACHABLE_CODE = YES;
				CLANG_WARN__DUPLICATE_METHOD_MATCH = YES;
				COPY_PHASE_STRIP = NO;
				DEBUG_INFORMATION_FORMAT = dwarf;
				ENABLE_STRICT_OBJC_MSGSEND = YES;
				ENABLE_TESTABILITY = YES;
				GCC_C_LANGUAGE_STANDARD = gnu11;
				GCC_DYNAMIC_NO_PIC = NO;
				GCC_NO_COMMON_BLOCKS = YES;
				GCC_OPTIMIZATION_LEVEL = 0;
				GCC_PREPROCESSOR_DEFINITIONS = (
					"DEBUG=1",
					"$(inherited)",
				);
				GCC_WARN_64_TO_32_BIT_CONVERSION = YES;
				GCC_WARN_ABOUT_RETURN_TYPE = YES_ERROR;
				GCC_WARN_UNDECLARED_SELECTOR = YES;
				GCC_WARN_UNINITIALIZED_AUTOS = YES_AGGRESSIVE;
				GCC_WARN_UNUSED_FUNCTION = YES;
				GCC_WARN_UNUSED_VARIABLE = YES;
				IPHONEOS_DEPLOYMENT_TARGET = 14.4;
				MTL_ENABLE_DEBUG_INFO = INCLUDE_SOURCE;
				MTL_FAST_MATH = YES;
				ONLY_ACTIVE_ARCH = YES;
				SDKROOT = iphoneos;
				SWIFT_ACTIVE_COMPILATION_CONDITIONS = DEBUG;
				SWIFT_OPTIMIZATION_LEVEL = "-Onone";
			};
			name = Debug;
		};
		381E3C78263F4049006B035C /* Release */ = {
			isa = XCBuildConfiguration;
			buildSettings = {
				ALWAYS_SEARCH_USER_PATHS = NO;
				CLANG_ANALYZER_NONNULL = YES;
				CLANG_ANALYZER_NUMBER_OBJECT_CONVERSION = YES_AGGRESSIVE;
				CLANG_CXX_LANGUAGE_STANDARD = "gnu++14";
				CLANG_CXX_LIBRARY = "libc++";
				CLANG_ENABLE_MODULES = YES;
				CLANG_ENABLE_OBJC_ARC = YES;
				CLANG_ENABLE_OBJC_WEAK = YES;
				CLANG_WARN_BLOCK_CAPTURE_AUTORELEASING = YES;
				CLANG_WARN_BOOL_CONVERSION = YES;
				CLANG_WARN_COMMA = YES;
				CLANG_WARN_CONSTANT_CONVERSION = YES;
				CLANG_WARN_DEPRECATED_OBJC_IMPLEMENTATIONS = YES;
				CLANG_WARN_DIRECT_OBJC_ISA_USAGE = YES_ERROR;
				CLANG_WARN_DOCUMENTATION_COMMENTS = YES;
				CLANG_WARN_EMPTY_BODY = YES;
				CLANG_WARN_ENUM_CONVERSION = YES;
				CLANG_WARN_INFINITE_RECURSION = YES;
				CLANG_WARN_INT_CONVERSION = YES;
				CLANG_WARN_NON_LITERAL_NULL_CONVERSION = YES;
				CLANG_WARN_OBJC_IMPLICIT_RETAIN_SELF = YES;
				CLANG_WARN_OBJC_LITERAL_CONVERSION = YES;
				CLANG_WARN_OBJC_ROOT_CLASS = YES_ERROR;
				CLANG_WARN_QUOTED_INCLUDE_IN_FRAMEWORK_HEADER = YES;
				CLANG_WARN_RANGE_LOOP_ANALYSIS = YES;
				CLANG_WARN_STRICT_PROTOTYPES = YES;
				CLANG_WARN_SUSPICIOUS_MOVE = YES;
				CLANG_WARN_UNGUARDED_AVAILABILITY = YES_AGGRESSIVE;
				CLANG_WARN_UNREACHABLE_CODE = YES;
				CLANG_WARN__DUPLICATE_METHOD_MATCH = YES;
				COPY_PHASE_STRIP = NO;
				DEBUG_INFORMATION_FORMAT = "dwarf-with-dsym";
				ENABLE_NS_ASSERTIONS = NO;
				ENABLE_STRICT_OBJC_MSGSEND = YES;
				GCC_C_LANGUAGE_STANDARD = gnu11;
				GCC_NO_COMMON_BLOCKS = YES;
				GCC_WARN_64_TO_32_BIT_CONVERSION = YES;
				GCC_WARN_ABOUT_RETURN_TYPE = YES_ERROR;
				GCC_WARN_UNDECLARED_SELECTOR = YES;
				GCC_WARN_UNINITIALIZED_AUTOS = YES_AGGRESSIVE;
				GCC_WARN_UNUSED_FUNCTION = YES;
				GCC_WARN_UNUSED_VARIABLE = YES;
				IPHONEOS_DEPLOYMENT_TARGET = 14.4;
				MTL_ENABLE_DEBUG_INFO = NO;
				MTL_FAST_MATH = YES;
				SDKROOT = iphoneos;
				SWIFT_COMPILATION_MODE = wholemodule;
				SWIFT_OPTIMIZATION_LEVEL = "-O";
				VALIDATE_PRODUCT = YES;
			};
			name = Release;
		};
		381E3C7A263F4049006B035C /* Debug */ = {
			isa = XCBuildConfiguration;
			baseConfigurationReference = D8E9A534EE21F0E102E72973 /* Pods-Devoir2.debug.xcconfig */;
			buildSettings = {
				ASSETCATALOG_COMPILER_APPICON_NAME = AppIcon;
				ASSETCATALOG_COMPILER_GLOBAL_ACCENT_COLOR_NAME = AccentColor;
				CODE_SIGN_STYLE = Automatic;
				INFOPLIST_FILE = Devoir2/Info.plist;
				LD_RUNPATH_SEARCH_PATHS = (
					"$(inherited)",
					"@executable_path/Frameworks",
				);
				PRODUCT_BUNDLE_IDENTIFIER = the.pope.Devoir2;
				PRODUCT_NAME = "$(TARGET_NAME)";
				SWIFT_VERSION = 5.0;
				TARGETED_DEVICE_FAMILY = "1,2";
			};
			name = Debug;
		};
		381E3C7B263F4049006B035C /* Release */ = {
			isa = XCBuildConfiguration;
			baseConfigurationReference = D6C509A23578D3A77689294C /* Pods-Devoir2.release.xcconfig */;
			buildSettings = {
				ASSETCATALOG_COMPILER_APPICON_NAME = AppIcon;
				ASSETCATALOG_COMPILER_GLOBAL_ACCENT_COLOR_NAME = AccentColor;
				CODE_SIGN_STYLE = Automatic;
				INFOPLIST_FILE = Devoir2/Info.plist;
				LD_RUNPATH_SEARCH_PATHS = (
					"$(inherited)",
					"@executable_path/Frameworks",
				);
				PRODUCT_BUNDLE_IDENTIFIER = the.pope.Devoir2;
				PRODUCT_NAME = "$(TARGET_NAME)";
				SWIFT_VERSION = 5.0;
				TARGETED_DEVICE_FAMILY = "1,2";
			};
			name = Release;
		};
/* End XCBuildConfiguration section */

/* Begin XCConfigurationList section */
		381E3C5D263F4047006B035C /* Build configuration list for PBXProject "Devoir2" */ = {
			isa = XCConfigurationList;
			buildConfigurations = (
				381E3C77263F4049006B035C /* Debug */,
				381E3C78263F4049006B035C /* Release */,
			);
			defaultConfigurationIsVisible = 0;
			defaultConfigurationName = Release;
		};
		381E3C79263F4049006B035C /* Build configuration list for PBXNativeTarget "Devoir2" */ = {
			isa = XCConfigurationList;
			buildConfigurations = (
				381E3C7A263F4049006B035C /* Debug */,
				381E3C7B263F4049006B035C /* Release */,
			);
			defaultConfigurationIsVisible = 0;
			defaultConfigurationName = Release;
		};
/* End XCConfigurationList section */

/* Begin XCVersionGroup section */
		381E3C6E263F4047006B035C /* Devoir2.xcdatamodeld */ = {
			isa = XCVersionGroup;
			children = (
				381E3C6F263F4047006B035C /* Devoir2.xcdatamodel */,
			);
			currentVersion = 381E3C6F263F4047006B035C /* Devoir2.xcdatamodel */;
			path = Devoir2.xcdatamodeld;
			sourceTree = "<group>";
			versionGroupType = wrapper.xcdatamodel;
		};
/* End XCVersionGroup section */
	};
	rootObject = 381E3C5A263F4047006B035C /* Project object */;
}
